
Microsoft Visual Studio Solution File, Format Version 12.00
# Visual Studio Version 17
VisualStudioVersion = 17.2.32602.215
MinimumVisualStudioVersion = 10.0.40219.1
Project("{9A19103F-16F7-4668-BE54-9A1E7A4F7556}") = "Kodlama.io.Course.Core", "Kodlma.io.Core\Kodlama.io.Course.Core.csproj", "{B89DD3B0-647B-4667-AA80-C4E0912A0EBB}"
EndProject
Project("{9A19103F-16F7-4668-BE54-9A1E7A4F7556}") = "Kodlama.io.Course.DataAccess", "Kodlama.io.Course.DataAccess\Kodlama.io.Course.DataAccess.csproj", "{B04788C3-87C9-43DD-B0A8-6552D2D28349}"
EndProject
Project("{9A19103F-16F7-4668-BE54-9A1E7A4F7556}") = "Kodlama.io.Course.Business", "Kodlama.io.Course.Business\Kodlama.io.Course.Business.csproj", "{789855D7-EB92-4CE5-8CCC-1168A4490925}"
EndProject
Project("{9A19103F-16F7-4668-BE54-9A1E7A4F7556}") = "Kodlama.io.Course.Entities", "Kodlama.io.Course.Entities\Kodlama.io.Course.Entities.csproj", "{73E01FA1-58CF-42BE-BE91-3B954A98B778}"
EndProject
Project("{9A19103F-16F7-4668-BE54-9A1E7A4F7556}") = "Kodlama.io.Course.WebApi", "Kodlama.io.Course.WebApi\Kodlama.io.Course.WebApi.csproj", "{CCBDFFB0-0796-45A7-8B45-DAD015DCA977}"
EndProject
Global
	GlobalSection(SolutionConfigurationPlatforms) = preSolution
		Debug|Any CPU = Debug|Any CPU
		Release|Any CPU = Release|Any CPU
	EndGlobalSection
	GlobalSection(ProjectConfigurationPlatforms) = postSolution
		{B89DD3B0-647B-4667-AA80-C4E0912A0EBB}.Debug|Any CPU.ActiveCfg = Debug|Any CPU
		{B89DD3B0-647B-4667-AA80-C4E0912A0EBB}.Debug|Any CPU.Build.0 = Debug|Any CPU
		{B89DD3B0-647B-4667-AA80-C4E0912A0EBB}.Release|Any CPU.ActiveCfg = Release|Any CPU
		{B89DD3B0-647B-4667-AA80-C4E0912A0EBB}.Release|Any CPU.Build.0 = Release|Any CPU
		{B04788C3-87C9-43DD-B0A8-6552D2D28349}.Debug|Any CPU.ActiveCfg = Debug|Any CPU
		{B04788C3-87C9-43DD-B0A8-6552D2D28349}.Debug|Any CPU.Build.0 = Debug|Any CPU
		{B04788C3-87C9-43DD-B0A8-6552D2D28349}.Release|Any CPU.ActiveCfg = Release|Any CPU
		{B04788C3-87C9-43DD-B0A8-6552D2D28349}.Release|Any CPU.Build.0 = Release|Any CPU
		{789855D7-EB92-4CE5-8CCC-1168A4490925}.Debug|Any CPU.ActiveCfg = Debug|Any CPU
		{789855D7-EB92-4CE5-8CCC-1168A4490925}.Debug|Any CPU.Build.0 = Debug|Any CPU
		{789855D7-EB92-4CE5-8CCC-1168A4490925}.Release|Any CPU.ActiveCfg = Release|Any CPU
		{789855D7-EB92-4CE5-8CCC-1168A4490925}.Release|Any CPU.Build.0 = Release|Any CPU
		{73E01FA1-58CF-42BE-BE91-3B954A98B778}.Debug|Any CPU.ActiveCfg = Debug|Any CPU
		{73E01FA1-58CF-42BE-BE91-3B954A98B778}.Debug|Any CPU.Build.0 = Debug|Any CPU
		{73E01FA1-58CF-42BE-BE91-3B954A98B778}.Release|Any CPU.ActiveCfg = Release|Any CPU
		{73E01FA1-58CF-42BE-BE91-3B954A98B778}.Release|Any CPU.Build.0 = Release|Any CPU
		{CCBDFFB0-0796-45A7-8B45-DAD015DCA977}.Debug|Any CPU.ActiveCfg = Debug|Any CPU
		{CCBDFFB0-0796-45A7-8B45-DAD015DCA977}.Debug|Any CPU.Build.0 = Debug|Any CPU
		{CCBDFFB0-0796-45A7-8B45-DAD015DCA977}.Release|Any CPU.ActiveCfg = Release|Any CPU
		{CCBDFFB0-0796-45A7-8B45-DAD015DCA977}.Release|Any CPU.Build.0 = Release|Any CPU
	EndGlobalSection
	GlobalSection(SolutionProperties) = preSolution
		HideSolutionNode = FALSE
	EndGlobalSection
	GlobalSection(ExtensibilityGlobals) = postSolution
		SolutionGuid = {54E0AE82-D682-44F0-9B0E-A806A7816002}
	EndGlobalSection
EndGlobal
